
Microsoft Visual Studio Solution File, Format Version 12.00
# Visual Studio 15
VisualStudioVersion = 15.0.28010.2026
MinimumVisualStudioVersion = 10.0.40219.1
Project("{FAE04EC0-301F-11D3-BF4B-00C04F79EFBC}") = "Minesweeper", "Minesweeper\Minesweeper.csproj", "{CD9CD6E2-730D-485F-A518-F01B44AD90A8}"
EndProject
Project("{FAE04EC0-301F-11D3-BF4B-00C04F79EFBC}") = "MinesweeperUnitTest", "MineasweeperUnitTest\MinesweeperUnitTest.csproj", "{E8BDD4FD-DF54-457E-880D-776772210C73}"
EndProject
Project("{FAE04EC0-301F-11D3-BF4B-00C04F79EFBC}") = "MinesweeperUI", "WpfApp1\MinesweeperUI.csproj", "{F39C557B-5B67-4733-BFC1-48F34407CDBC}"
EndProject
Global
	GlobalSection(SolutionConfigurationPlatforms) = preSolution
		Debug|Any CPU = Debug|Any CPU
		Release|Any CPU = Release|Any CPU
	EndGlobalSection
	GlobalSection(ProjectConfigurationPlatforms) = postSolution
		{CD9CD6E2-730D-485F-A518-F01B44AD90A8}.Debug|Any CPU.ActiveCfg = Debug|Any CPU
		{CD9CD6E2-730D-485F-A518-F01B44AD90A8}.Debug|Any CPU.Build.0 = Debug|Any CPU
		{CD9CD6E2-730D-485F-A518-F01B44AD90A8}.Release|Any CPU.ActiveCfg = Release|Any CPU
		{CD9CD6E2-730D-485F-A518-F01B44AD90A8}.Release|Any CPU.Build.0 = Release|Any CPU
		{E8BDD4FD-DF54-457E-880D-776772210C73}.Debug|Any CPU.ActiveCfg = Debug|Any CPU
		{E8BDD4FD-DF54-457E-880D-776772210C73}.Debug|Any CPU.Build.0 = Debug|Any CPU
		{E8BDD4FD-DF54-457E-880D-776772210C73}.Release|Any CPU.ActiveCfg = Release|Any CPU
		{E8BDD4FD-DF54-457E-880D-776772210C73}.Release|Any CPU.Build.0 = Release|Any CPU
		{F39C557B-5B67-4733-BFC1-48F34407CDBC}.Debug|Any CPU.ActiveCfg = Debug|Any CPU
		{F39C557B-5B67-4733-BFC1-48F34407CDBC}.Debug|Any CPU.Build.0 = Debug|Any CPU
		{F39C557B-5B67-4733-BFC1-48F34407CDBC}.Release|Any CPU.ActiveCfg = Release|Any CPU
		{F39C557B-5B67-4733-BFC1-48F34407CDBC}.Release|Any CPU.Build.0 = Release|Any CPU
	EndGlobalSection
	GlobalSection(SolutionProperties) = preSolution
		HideSolutionNode = FALSE
	EndGlobalSection
	GlobalSection(ExtensibilityGlobals) = postSolution
		SolutionGuid = {1320F6BB-A238-4AA5-BB18-54CBB35C1EFE}
	EndGlobalSection
EndGlobal
